
Microsoft Visual Studio Solution File, Format Version 12.00
# Visual Studio Version 16
VisualStudioVersion = 16.0.33214.272
MinimumVisualStudioVersion = 10.0.40219.1
Project("{FAE04EC0-301F-11D3-BF4B-00C04F79EFBC}") = "OnlineSurvey", "OnlineSurvey\OnlineSurvey.csproj", "{514E786A-71FA-4988-B6D4-BBC8BD836005}"
EndProject
Project("{FAE04EC0-301F-11D3-BF4B-00C04F79EFBC}") = "OnlineSurveyWEB", "OnlineSurveyWEB\OnlineSurveyWEB.csproj", "{C7B441E7-B6E4-4781-8858-4905A4F0821E}"
EndProject
Global
	GlobalSection(SolutionConfigurationPlatforms) = preSolution
		Debug|Any CPU = Debug|Any CPU
		Release|Any CPU = Release|Any CPU
	EndGlobalSection
	GlobalSection(ProjectConfigurationPlatforms) = postSolution
		{514E786A-71FA-4988-B6D4-BBC8BD836005}.Debug|Any CPU.ActiveCfg = Debug|Any CPU
		{514E786A-71FA-4988-B6D4-BBC8BD836005}.Debug|Any CPU.Build.0 = Debug|Any CPU
		{514E786A-71FA-4988-B6D4-BBC8BD836005}.Release|Any CPU.ActiveCfg = Release|Any CPU
		{514E786A-71FA-4988-B6D4-BBC8BD836005}.Release|Any CPU.Build.0 = Release|Any CPU
		{C7B441E7-B6E4-4781-8858-4905A4F0821E}.Debug|Any CPU.ActiveCfg = Debug|Any CPU
		{C7B441E7-B6E4-4781-8858-4905A4F0821E}.Debug|Any CPU.Build.0 = Debug|Any CPU
		{C7B441E7-B6E4-4781-8858-4905A4F0821E}.Release|Any CPU.ActiveCfg = Release|Any CPU
		{C7B441E7-B6E4-4781-8858-4905A4F0821E}.Release|Any CPU.Build.0 = Release|Any CPU
	EndGlobalSection
	GlobalSection(SolutionProperties) = preSolution
		HideSolutionNode = FALSE
	EndGlobalSection
	GlobalSection(ExtensibilityGlobals) = postSolution
		SolutionGuid = {514DCFAE-DE18-4476-94FA-4BE29A759FEB}
	EndGlobalSection
EndGlobal
